
Microsoft Visual Studio Solution File, Format Version 12.00
# Visual Studio 2013
VisualStudioVersion = 12.0.40629.0
MinimumVisualStudioVersion = 10.0.40219.1
Project("{FAE04EC0-301F-11D3-BF4B-00C04F79EFBC}") = "SimpleOnlineStore.Tests", "SimpleOnlineStore.Tests\SimpleOnlineStore.Tests.csproj", "{B1BA4818-D1E5-479C-9D53-F4E53A17982A}"
EndProject
Project("{2150E333-8FDC-42A3-9474-1A3956D46DE8}") = ".nuget", ".nuget", "{954B32AF-3B91-4A19-A8CC-306849CEA1B6}"
	ProjectSection(SolutionItems) = preProject
		.nuget\packages.config = .nuget\packages.config
	EndProjectSection
EndProject
Project("{FAE04EC0-301F-11D3-BF4B-00C04F79EFBC}") = "SimpleOnlineStore", "SimpleOnlineStore\SimpleOnlineStore\SimpleOnlineStore\SimpleOnlineStore.csproj", "{C085987A-EDB4-46D3-B701-DFBFD0112A93}"
EndProject
Global
	GlobalSection(SolutionConfigurationPlatforms) = preSolution
		Debug|Any CPU = Debug|Any CPU
		Release|Any CPU = Release|Any CPU
	EndGlobalSection
	GlobalSection(ProjectConfigurationPlatforms) = postSolution
		{B1BA4818-D1E5-479C-9D53-F4E53A17982A}.Debug|Any CPU.ActiveCfg = Debug|Any CPU
		{B1BA4818-D1E5-479C-9D53-F4E53A17982A}.Debug|Any CPU.Build.0 = Debug|Any CPU
		{B1BA4818-D1E5-479C-9D53-F4E53A17982A}.Release|Any CPU.ActiveCfg = Release|Any CPU
		{B1BA4818-D1E5-479C-9D53-F4E53A17982A}.Release|Any CPU.Build.0 = Release|Any CPU
		{C085987A-EDB4-46D3-B701-DFBFD0112A93}.Debug|Any CPU.ActiveCfg = Debug|Any CPU
		{C085987A-EDB4-46D3-B701-DFBFD0112A93}.Debug|Any CPU.Build.0 = Debug|Any CPU
		{C085987A-EDB4-46D3-B701-DFBFD0112A93}.Release|Any CPU.ActiveCfg = Release|Any CPU
		{C085987A-EDB4-46D3-B701-DFBFD0112A93}.Release|Any CPU.Build.0 = Release|Any CPU
	EndGlobalSection
	GlobalSection(SolutionProperties) = preSolution
		HideSolutionNode = FALSE
	EndGlobalSection
EndGlobal
